
Microsoft Visual Studio Solution File, Format Version 12.00
# Visual Studio Version 16
VisualStudioVersion = 16.0.31005.135
MinimumVisualStudioVersion = 10.0.40219.1
Project("{FAE04EC0-301F-11D3-BF4B-00C04F79EFBC}") = "Exeption Handling", "Exeption Handling.csproj", "{DE5A7C6F-AF3B-446D-A3E3-A46863735B86}"
EndProject
Global
	GlobalSection(SolutionConfigurationPlatforms) = preSolution
		Debug|Any CPU = Debug|Any CPU
		Release|Any CPU = Release|Any CPU
	EndGlobalSection
	GlobalSection(ProjectConfigurationPlatforms) = postSolution
		{DE5A7C6F-AF3B-446D-A3E3-A46863735B86}.Debug|Any CPU.ActiveCfg = Debug|Any CPU
		{DE5A7C6F-AF3B-446D-A3E3-A46863735B86}.Debug|Any CPU.Build.0 = Debug|Any CPU
		{DE5A7C6F-AF3B-446D-A3E3-A46863735B86}.Release|Any CPU.ActiveCfg = Release|Any CPU
		{DE5A7C6F-AF3B-446D-A3E3-A46863735B86}.Release|Any CPU.Build.0 = Release|Any CPU
	EndGlobalSection
	GlobalSection(SolutionProperties) = preSolution
		HideSolutionNode = FALSE
	EndGlobalSection
	GlobalSection(ExtensibilityGlobals) = postSolution
		SolutionGuid = {B1386595-3F12-415F-8864-FE541C724A65}
	EndGlobalSection
EndGlobal
